
Microsoft Visual Studio Solution File, Format Version 12.00
# Visual Studio 15
VisualStudioVersion = 15.0.28307.102
MinimumVisualStudioVersion = 10.0.40219.1
Project("{FAE04EC0-301F-11D3-BF4B-00C04F79EFBC}") = "WT-Wiki-Bot-in-CSharp", "WT-Wiki-Bot-in-CSharp.csproj", "{00814331-CEC7-4A9C-B3BB-CEA8C7E42CB1}"
EndProject
Global
	GlobalSection(SolutionConfigurationPlatforms) = preSolution
		Debug|Any CPU = Debug|Any CPU
		Release|Any CPU = Release|Any CPU
	EndGlobalSection
	GlobalSection(ProjectConfigurationPlatforms) = postSolution
		{00814331-CEC7-4A9C-B3BB-CEA8C7E42CB1}.Debug|Any CPU.ActiveCfg = Debug|Any CPU
		{00814331-CEC7-4A9C-B3BB-CEA8C7E42CB1}.Debug|Any CPU.Build.0 = Debug|Any CPU
		{00814331-CEC7-4A9C-B3BB-CEA8C7E42CB1}.Release|Any CPU.ActiveCfg = Release|Any CPU
		{00814331-CEC7-4A9C-B3BB-CEA8C7E42CB1}.Release|Any CPU.Build.0 = Release|Any CPU
	EndGlobalSection
	GlobalSection(SolutionProperties) = preSolution
		HideSolutionNode = FALSE
	EndGlobalSection
	GlobalSection(ExtensibilityGlobals) = postSolution
		SolutionGuid = {37C4300D-F929-4C3D-9866-2F98807D290A}
	EndGlobalSection
EndGlobal
